
Microsoft Visual Studio Solution File, Format Version 12.00
# Visual Studio Version 16
VisualStudioVersion = 16.0.30621.155
MinimumVisualStudioVersion = 10.0.40219.1
Project("{8BC9CEB8-8B4A-11D0-8D11-00A0C91BC942}") = "Kinect-get-output-try-1", "Kinect-get-output-try-1.vcxproj", "{7E69B862-6842-4F44-ADB8-5E4FB306EEBB}"
EndProject
Global
	GlobalSection(SolutionConfigurationPlatforms) = preSolution
		Debug|x64 = Debug|x64
		Debug|x86 = Debug|x86
		Release|x64 = Release|x64
		Release|x86 = Release|x86
	EndGlobalSection
	GlobalSection(ProjectConfigurationPlatforms) = postSolution
		{7E69B862-6842-4F44-ADB8-5E4FB306EEBB}.Debug|x64.ActiveCfg = Debug|x64
		{7E69B862-6842-4F44-ADB8-5E4FB306EEBB}.Debug|x64.Build.0 = Debug|x64
		{7E69B862-6842-4F44-ADB8-5E4FB306EEBB}.Debug|x86.ActiveCfg = Debug|Win32
		{7E69B862-6842-4F44-ADB8-5E4FB306EEBB}.Debug|x86.Build.0 = Debug|Win32
		{7E69B862-6842-4F44-ADB8-5E4FB306EEBB}.Release|x64.ActiveCfg = Release|x64
		{7E69B862-6842-4F44-ADB8-5E4FB306EEBB}.Release|x64.Build.0 = Release|x64
		{7E69B862-6842-4F44-ADB8-5E4FB306EEBB}.Release|x86.ActiveCfg = Release|Win32
		{7E69B862-6842-4F44-ADB8-5E4FB306EEBB}.Release|x86.Build.0 = Release|Win32
	EndGlobalSection
	GlobalSection(SolutionProperties) = preSolution
		HideSolutionNode = FALSE
	EndGlobalSection
	GlobalSection(ExtensibilityGlobals) = postSolution
		SolutionGuid = {38E6365C-61BD-4D33-ACF4-E033EC8C618A}
	EndGlobalSection
EndGlobal
